// !$*UTF8*$!
{
	archiveVersion = 1;
	classes = {
	};
	objectVersion = 46;
	objects = {

/* Begin PBXBuildFile section */
		5A59DB2015000D7300CE4FC6 /* UIKit.framework in Frameworks */ = {isa = PBXBuildFile; fileRef = 5A59DB1F15000D7300CE4FC6 /* UIKit.framework */; };
		5A59DB2215000D7300CE4FC6 /* Foundation.framework in Frameworks */ = {isa = PBXBuildFile; fileRef = 5A59DB2115000D7300CE4FC6 /* Foundation.framework */; };
		5A59DB2415000D7300CE4FC6 /* CoreGraphics.framework in Frameworks */ = {isa = PBXBuildFile; fileRef = 5A59DB2315000D7300CE4FC6 /* CoreGraphics.framework */; };
		5A59DB2A15000D7300CE4FC6 /* InfoPlist.strings in Resources */ = {isa = PBXBuildFile; fileRef = 5A59DB2815000D7300CE4FC6 /* InfoPlist.strings */; };
		5A59DB2C15000D7300CE4FC6 /* main.m in Sources */ = {isa = PBXBuildFile; fileRef = 5A59DB2B15000D7300CE4FC6 /* main.m */; };
		5A59DB3015000D7300CE4FC6 /* AppDelegate.m in Sources */ = {isa = PBXBuildFile; fileRef = 5A59DB2F15000D7300CE4FC6 /* AppDelegate.m */; };
		5A59DB3315000D7300CE4FC6 /* MainStoryboard.storyboard in Resources */ = {isa = PBXBuildFile; fileRef = 5A59DB3115000D7300CE4FC6 /* MainStoryboard.storyboard */; };
		C562FD08150035A700ADA1C8 /* MapViewController.m in Sources */ = {isa = PBXBuildFile; fileRef = C562FD07150035A700ADA1C8 /* MapViewController.m */; };
		C562FD0B150036BE00ADA1C8 /* SubjectPickerViewController.m in Sources */ = {isa = PBXBuildFile; fileRef = C562FD0A150036BE00ADA1C8 /* SubjectPickerViewController.m */; };
		C562FD0E1500373300ADA1C8 /* ClassPickerViewController.m in Sources */ = {isa = PBXBuildFile; fileRef = C562FD0D1500373300ADA1C8 /* ClassPickerViewController.m */; };
		C562FD101500388F00ADA1C8 /* MapKit.framework in Frameworks */ = {isa = PBXBuildFile; fileRef = C562FD0F1500388F00ADA1C8 /* MapKit.framework */; };
		C562FD121500389B00ADA1C8 /* CoreLocation.framework in Frameworks */ = {isa = PBXBuildFile; fileRef = C562FD111500389B00ADA1C8 /* CoreLocation.framework */; };
		C562FD1515003B1900ADA1C8 /* CourseListViewController.m in Sources */ = {isa = PBXBuildFile; fileRef = C562FD1415003B1800ADA1C8 /* CourseListViewController.m */; };
		C562FD1815003C3300ADA1C8 /* CourseDetailVewController.m in Sources */ = {isa = PBXBuildFile; fileRef = C562FD1715003C3300ADA1C8 /* CourseDetailVewController.m */; };
		C562FD1B15003DAB00ADA1C8 /* BuildingPickerViewController.m in Sources */ = {isa = PBXBuildFile; fileRef = C562FD1A15003DAB00ADA1C8 /* BuildingPickerViewController.m */; };
		C562FD1E15003F3D00ADA1C8 /* BoredViewController.m in Sources */ = {isa = PBXBuildFile; fileRef = C562FD1D15003F3D00ADA1C8 /* BoredViewController.m */; };
		C562FD2115003FF800ADA1C8 /* PhotoViewController.m in Sources */ = {isa = PBXBuildFile; fileRef = C562FD2015003FF700ADA1C8 /* PhotoViewController.m */; };
		C5915B2015155A2E00D489CD /* SelectCourseTableViewController.m in Sources */ = {isa = PBXBuildFile; fileRef = C5915B1F15155A2E00D489CD /* SelectCourseTableViewController.m */; };
		D811D2DC151417C6006416A7 /* GrizSpaceDataObjects.m in Sources */ = {isa = PBXBuildFile; fileRef = D811D2DB151417C6006416A7 /* GrizSpaceDataObjects.m */; };
		D811D2E01514183D006416A7 /* AppDataObject.m in Sources */ = {isa = PBXBuildFile; fileRef = D811D2DF1514183D006416A7 /* AppDataObject.m */; };
		D83ADE1015031F76003733BE /* MapAnnotation.m in Sources */ = {isa = PBXBuildFile; fileRef = D83ADE0F15031F76003733BE /* MapAnnotation.m */; };
		D860ADD415052C5700EB030A /* GrizSpaceTabBarController.m in Sources */ = {isa = PBXBuildFile; fileRef = D860ADD315052C5700EB030A /* GrizSpaceTabBarController.m */; };
		D8B123B81513022A00F40A42 /* MapAnnotationList.m in Sources */ = {isa = PBXBuildFile; fileRef = D8B123B71513022A00F40A42 /* MapAnnotationList.m */; };
		D8E53BC81505BC3400D59A52 /* Location2.gpx in Resources */ = {isa = PBXBuildFile; fileRef = D8E53BC71505BC3400D59A52 /* Location2.gpx */; };
		D8FE67A215048EE600D09F31 /* Direction_Arrow.png in Resources */ = {isa = PBXBuildFile; fileRef = D8FE67A115048EE600D09F31 /* Direction_Arrow.png */; };
		E637A2A71515131C001E0E2D /* BuildingModel.m in Sources */ = {isa = PBXBuildFile; fileRef = E637A2A41515131C001E0E2D /* BuildingModel.m */; };
		E637A2A81515131C001E0E2D /* DBAccess.m in Sources */ = {isa = PBXBuildFile; fileRef = E637A2A61515131C001E0E2D /* DBAccess.m */; };
		E637A2AC1515132E001E0E2D /* GPSModel.m in Sources */ = {isa = PBXBuildFile; fileRef = E637A2AB1515132E001E0E2D /* GPSModel.m */; };
		E637A2B315154F14001E0E2D /* SubjectModel.m in Sources */ = {isa = PBXBuildFile; fileRef = E637A2B215154F14001E0E2D /* SubjectModel.m */; };
		E6CCD11B151A9B5F0060CAEA /* InterestsModel.m in Sources */ = {isa = PBXBuildFile; fileRef = E6CCD11A151A9B5F0060CAEA /* InterestsModel.m */; };
		E6CCD157151ACE720060CAEA /* CourseModel.m in Sources */ = {isa = PBXBuildFile; fileRef = E6CCD156151ACE720060CAEA /* CourseModel.m */; };
		E6F0348F150ED5BE00BF0E0F /* libsqlite3.0.dylib in Frameworks */ = {isa = PBXBuildFile; fileRef = E6F0348E150ED5BE00BF0E0F /* libsqlite3.0.dylib */; };
/* End PBXBuildFile section */

/* Begin PBXFileReference section */
		5A59DB1B15000D7300CE4FC6 /* GrizSpace.app */ = {isa = PBXFileReference; explicitFileType = wrapper.application; includeInIndex = 0; path = GrizSpace.app; sourceTree = BUILT_PRODUCTS_DIR; };
		5A59DB1F15000D7300CE4FC6 /* UIKit.framework */ = {isa = PBXFileReference; lastKnownFileType = wrapper.framework; name = UIKit.framework; path = System/Library/Frameworks/UIKit.framework; sourceTree = SDKROOT; };
		5A59DB2115000D7300CE4FC6 /* Foundation.framework */ = {isa = PBXFileReference; lastKnownFileType = wrapper.framework; name = Foundation.framework; path = System/Library/Frameworks/Foundation.framework; sourceTree = SDKROOT; };
		5A59DB2315000D7300CE4FC6 /* CoreGraphics.framework */ = {isa = PBXFileReference; lastKnownFileType = wrapper.framework; name = CoreGraphics.framework; path = System/Library/Frameworks/CoreGraphics.framework; sourceTree = SDKROOT; };
		5A59DB2715000D7300CE4FC6 /* GrizSpace-Info.plist */ = {isa = PBXFileReference; lastKnownFileType = text.plist.xml; path = "GrizSpace-Info.plist"; sourceTree = "<group>"; };
		5A59DB2915000D7300CE4FC6 /* en */ = {isa = PBXFileReference; lastKnownFileType = text.plist.strings; name = en; path = en.lproj/InfoPlist.strings; sourceTree = "<group>"; };
		5A59DB2B15000D7300CE4FC6 /* main.m */ = {isa = PBXFileReference; lastKnownFileType = sourcecode.c.objc; path = main.m; sourceTree = "<group>"; };
		5A59DB2D15000D7300CE4FC6 /* GrizSpace-Prefix.pch */ = {isa = PBXFileReference; lastKnownFileType = sourcecode.c.h; path = "GrizSpace-Prefix.pch"; sourceTree = "<group>"; };
		5A59DB2E15000D7300CE4FC6 /* AppDelegate.h */ = {isa = PBXFileReference; lastKnownFileType = sourcecode.c.h; path = AppDelegate.h; sourceTree = "<group>"; };
		5A59DB2F15000D7300CE4FC6 /* AppDelegate.m */ = {isa = PBXFileReference; lastKnownFileType = sourcecode.c.objc; path = AppDelegate.m; sourceTree = "<group>"; };
		5A59DB3215000D7300CE4FC6 /* en */ = {isa = PBXFileReference; lastKnownFileType = file.storyboard; name = en; path = en.lproj/MainStoryboard.storyboard; sourceTree = "<group>"; };
		C517B4C4150451D400F29EB6 /* BoredSettingsTableViewController.h */ = {isa = PBXFileReference; fileEncoding = 4; lastKnownFileType = sourcecode.c.h; path = BoredSettingsTableViewController.h; sourceTree = "<group>"; };
		C517B4C5150451D400F29EB6 /* BoredSettingsTableViewController.m */ = {isa = PBXFileReference; fileEncoding = 4; lastKnownFileType = sourcecode.c.objc; path = BoredSettingsTableViewController.m; sourceTree = "<group>"; };
		C562FD06150035A700ADA1C8 /* MapViewController.h */ = {isa = PBXFileReference; fileEncoding = 4; lastKnownFileType = sourcecode.c.h; path = MapViewController.h; sourceTree = "<group>"; };
		C562FD07150035A700ADA1C8 /* MapViewController.m */ = {isa = PBXFileReference; fileEncoding = 4; lastKnownFileType = sourcecode.c.objc; path = MapViewController.m; sourceTree = "<group>"; };
		C562FD09150036BE00ADA1C8 /* SubjectPickerViewController.h */ = {isa = PBXFileReference; fileEncoding = 4; lastKnownFileType = sourcecode.c.h; path = SubjectPickerViewController.h; sourceTree = "<group>"; };
		C562FD0A150036BE00ADA1C8 /* SubjectPickerViewController.m */ = {isa = PBXFileReference; fileEncoding = 4; lastKnownFileType = sourcecode.c.objc; path = SubjectPickerViewController.m; sourceTree = "<group>"; };
		C562FD0C1500373300ADA1C8 /* ClassPickerViewController.h */ = {isa = PBXFileReference; fileEncoding = 4; lastKnownFileType = sourcecode.c.h; path = ClassPickerViewController.h; sourceTree = "<group>"; };
		C562FD0D1500373300ADA1C8 /* ClassPickerViewController.m */ = {isa = PBXFileReference; fileEncoding = 4; lastKnownFileType = sourcecode.c.objc; path = ClassPickerViewController.m; sourceTree = "<group>"; };
		C562FD0F1500388F00ADA1C8 /* MapKit.framework */ = {isa = PBXFileReference; lastKnownFileType = wrapper.framework; name = MapKit.framework; path = System/Library/Frameworks/MapKit.framework; sourceTree = SDKROOT; };
		C562FD111500389B00ADA1C8 /* CoreLocation.framework */ = {isa = PBXFileReference; lastKnownFileType = wrapper.framework; name = CoreLocation.framework; path = System/Library/Frameworks/CoreLocation.framework; sourceTree = SDKROOT; };
		C562FD1315003B1800ADA1C8 /* CourseListViewController.h */ = {isa = PBXFileReference; fileEncoding = 4; lastKnownFileType = sourcecode.c.h; path = CourseListViewController.h; sourceTree = "<group>"; };
		C562FD1415003B1800ADA1C8 /* CourseListViewController.m */ = {isa = PBXFileReference; fileEncoding = 4; lastKnownFileType = sourcecode.c.objc; path = CourseListViewController.m; sourceTree = "<group>"; };
		C562FD1615003C3300ADA1C8 /* CourseDetailVewController.h */ = {isa = PBXFileReference; fileEncoding = 4; lastKnownFileType = sourcecode.c.h; path = CourseDetailVewController.h; sourceTree = "<group>"; };
		C562FD1715003C3300ADA1C8 /* CourseDetailVewController.m */ = {isa = PBXFileReference; fileEncoding = 4; lastKnownFileType = sourcecode.c.objc; path = CourseDetailVewController.m; sourceTree = "<group>"; };
		C562FD1915003DAB00ADA1C8 /* BuildingPickerViewController.h */ = {isa = PBXFileReference; fileEncoding = 4; lastKnownFileType = sourcecode.c.h; path = BuildingPickerViewController.h; sourceTree = "<group>"; };
		C562FD1A15003DAB00ADA1C8 /* BuildingPickerViewController.m */ = {isa = PBXFileReference; fileEncoding = 4; lastKnownFileType = sourcecode.c.objc; path = BuildingPickerViewController.m; sourceTree = "<group>"; };
		C562FD1C15003F3D00ADA1C8 /* BoredViewController.h */ = {isa = PBXFileReference; fileEncoding = 4; lastKnownFileType = sourcecode.c.h; path = BoredViewController.h; sourceTree = "<group>"; };
		C562FD1D15003F3D00ADA1C8 /* BoredViewController.m */ = {isa = PBXFileReference; fileEncoding = 4; lastKnownFileType = sourcecode.c.objc; path = BoredViewController.m; sourceTree = "<group>"; };
		C562FD1F15003FF700ADA1C8 /* PhotoViewController.h */ = {isa = PBXFileReference; fileEncoding = 4; lastKnownFileType = sourcecode.c.h; path = PhotoViewController.h; sourceTree = "<group>"; };
		C562FD2015003FF700ADA1C8 /* PhotoViewController.m */ = {isa = PBXFileReference; fileEncoding = 4; lastKnownFileType = sourcecode.c.objc; path = PhotoViewController.m; sourceTree = "<group>"; };
		C5915B1E15155A2E00D489CD /* SelectCourseTableViewController.h */ = {isa = PBXFileReference; fileEncoding = 4; lastKnownFileType = sourcecode.c.h; path = SelectCourseTableViewController.h; sourceTree = "<group>"; };
		C5915B1F15155A2E00D489CD /* SelectCourseTableViewController.m */ = {isa = PBXFileReference; fileEncoding = 4; lastKnownFileType = sourcecode.c.objc; path = SelectCourseTableViewController.m; sourceTree = "<group>"; };
		D80AE651150521D4004EA055 /* Location.gpx */ = {isa = PBXFileReference; lastKnownFileType = text.xml; path = Location.gpx; sourceTree = "<group>"; };
		D811D2DA151417C6006416A7 /* GrizSpaceDataObjects.h */ = {isa = PBXFileReference; fileEncoding = 4; lastKnownFileType = sourcecode.c.h; path = GrizSpaceDataObjects.h; sourceTree = "<group>"; };
		D811D2DB151417C6006416A7 /* GrizSpaceDataObjects.m */ = {isa = PBXFileReference; fileEncoding = 4; lastKnownFileType = sourcecode.c.objc; path = GrizSpaceDataObjects.m; sourceTree = "<group>"; };
		D811D2DD15141802006416A7 /* AppDelegateProtocol.h */ = {isa = PBXFileReference; fileEncoding = 4; lastKnownFileType = sourcecode.c.h; path = AppDelegateProtocol.h; sourceTree = "<group>"; };
		D811D2DE1514183D006416A7 /* AppDataObject.h */ = {isa = PBXFileReference; fileEncoding = 4; lastKnownFileType = sourcecode.c.h; path = AppDataObject.h; sourceTree = "<group>"; };
		D811D2DF1514183D006416A7 /* AppDataObject.m */ = {isa = PBXFileReference; fileEncoding = 4; lastKnownFileType = sourcecode.c.objc; path = AppDataObject.m; sourceTree = "<group>"; };
		D8160AF7151A7D14009D366E /* bear_2 (1).png */ = {isa = PBXFileReference; lastKnownFileType = image.png; path = "bear_2 (1).png"; sourceTree = "<group>"; };
		D83ADE0E15031F76003733BE /* MapAnnotation.h */ = {isa = PBXFileReference; fileEncoding = 4; lastKnownFileType = sourcecode.c.h; path = MapAnnotation.h; sourceTree = "<group>"; };
		D83ADE0F15031F76003733BE /* MapAnnotation.m */ = {isa = PBXFileReference; fileEncoding = 4; lastKnownFileType = sourcecode.c.objc; path = MapAnnotation.m; sourceTree = "<group>"; };
		D860ADD215052C5700EB030A /* GrizSpaceTabBarController.h */ = {isa = PBXFileReference; fileEncoding = 4; lastKnownFileType = sourcecode.c.h; path = GrizSpaceTabBarController.h; sourceTree = "<group>"; };
		D860ADD315052C5700EB030A /* GrizSpaceTabBarController.m */ = {isa = PBXFileReference; fileEncoding = 4; lastKnownFileType = sourcecode.c.objc; path = GrizSpaceTabBarController.m; sourceTree = "<group>"; };
		D8B123B61513022900F40A42 /* MapAnnotationList.h */ = {isa = PBXFileReference; fileEncoding = 4; lastKnownFileType = sourcecode.c.h; path = MapAnnotationList.h; sourceTree = "<group>"; };
		D8B123B71513022A00F40A42 /* MapAnnotationList.m */ = {isa = PBXFileReference; fileEncoding = 4; lastKnownFileType = sourcecode.c.objc; path = MapAnnotationList.m; sourceTree = "<group>"; };
		D8DCED431506CFB100E111DC /* Location3.gpx */ = {isa = PBXFileReference; lastKnownFileType = text.xml; path = Location3.gpx; sourceTree = "<group>"; };
		D8E53BC71505BC3400D59A52 /* Location2.gpx */ = {isa = PBXFileReference; fileEncoding = 4; lastKnownFileType = text.xml; path = Location2.gpx; sourceTree = "<group>"; };
		D8FE67A115048EE600D09F31 /* Direction_Arrow.png */ = {isa = PBXFileReference; lastKnownFileType = image.png; path = Direction_Arrow.png; sourceTree = "<group>"; };
		E637A2A31515131C001E0E2D /* BuildingModel.h */ = {isa = PBXFileReference; fileEncoding = 4; lastKnownFileType = sourcecode.c.h; path = BuildingModel.h; sourceTree = "<group>"; };
		E637A2A41515131C001E0E2D /* BuildingModel.m */ = {isa = PBXFileReference; fileEncoding = 4; lastKnownFileType = sourcecode.c.objc; path = BuildingModel.m; sourceTree = "<group>"; };
		E637A2A51515131C001E0E2D /* DBAccess.h */ = {isa = PBXFileReference; fileEncoding = 4; lastKnownFileType = sourcecode.c.h; path = DBAccess.h; sourceTree = "<group>"; };
		E637A2A61515131C001E0E2D /* DBAccess.m */ = {isa = PBXFileReference; fileEncoding = 4; lastKnownFileType = sourcecode.c.objc; path = DBAccess.m; sourceTree = "<group>"; };
		E637A2AA1515132E001E0E2D /* GPSModel.h */ = {isa = PBXFileReference; fileEncoding = 4; lastKnownFileType = sourcecode.c.h; path = GPSModel.h; sourceTree = "<group>"; };
		E637A2AB1515132E001E0E2D /* GPSModel.m */ = {isa = PBXFileReference; fileEncoding = 4; lastKnownFileType = sourcecode.c.objc; path = GPSModel.m; sourceTree = "<group>"; };
		E637A2B115154F14001E0E2D /* SubjectModel.h */ = {isa = PBXFileReference; fileEncoding = 4; lastKnownFileType = sourcecode.c.h; path = SubjectModel.h; sourceTree = "<group>"; };
		E637A2B215154F14001E0E2D /* SubjectModel.m */ = {isa = PBXFileReference; fileEncoding = 4; lastKnownFileType = sourcecode.c.objc; path = SubjectModel.m; sourceTree = "<group>"; };
		E6CCD119151A9B5F0060CAEA /* InterestsModel.h */ = {isa = PBXFileReference; fileEncoding = 4; lastKnownFileType = sourcecode.c.h; path = InterestsModel.h; sourceTree = "<group>"; };
		E6CCD11A151A9B5F0060CAEA /* InterestsModel.m */ = {isa = PBXFileReference; fileEncoding = 4; lastKnownFileType = sourcecode.c.objc; path = InterestsModel.m; sourceTree = "<group>"; };
		E6CCD155151ACE720060CAEA /* CourseModel.h */ = {isa = PBXFileReference; fileEncoding = 4; lastKnownFileType = sourcecode.c.h; path = CourseModel.h; sourceTree = "<group>"; };
		E6CCD156151ACE720060CAEA /* CourseModel.m */ = {isa = PBXFileReference; fileEncoding = 4; lastKnownFileType = sourcecode.c.objc; path = CourseModel.m; sourceTree = "<group>"; };
		E6F0348E150ED5BE00BF0E0F /* libsqlite3.0.dylib */ = {isa = PBXFileReference; lastKnownFileType = "compiled.mach-o.dylib"; name = libsqlite3.0.dylib; path = usr/lib/libsqlite3.0.dylib; sourceTree = SDKROOT; };
/* End PBXFileReference section */

/* Begin PBXFrameworksBuildPhase section */
		5A59DB1815000D7300CE4FC6 /* Frameworks */ = {
			isa = PBXFrameworksBuildPhase;
			buildActionMask = 2147483647;
			files = (
				C562FD121500389B00ADA1C8 /* CoreLocation.framework in Frameworks */,
				C562FD101500388F00ADA1C8 /* MapKit.framework in Frameworks */,
				5A59DB2015000D7300CE4FC6 /* UIKit.framework in Frameworks */,
				5A59DB2215000D7300CE4FC6 /* Foundation.framework in Frameworks */,
				5A59DB2415000D7300CE4FC6 /* CoreGraphics.framework in Frameworks */,
				E6F0348F150ED5BE00BF0E0F /* libsqlite3.0.dylib in Frameworks */,
			);
			runOnlyForDeploymentPostprocessing = 0;
		};
/* End PBXFrameworksBuildPhase section */

/* Begin PBXGroup section */
		5A59DB1015000D7300CE4FC6 = {
			isa = PBXGroup;
			children = (
				5A59DB2515000D7300CE4FC6 /* GrizSpace */,
				5A59DB1E15000D7300CE4FC6 /* Frameworks */,
				5A59DB1C15000D7300CE4FC6 /* Products */,
			);
			sourceTree = "<group>";
		};
		5A59DB1C15000D7300CE4FC6 /* Products */ = {
			isa = PBXGroup;
			children = (
				5A59DB1B15000D7300CE4FC6 /* GrizSpace.app */,
			);
			name = Products;
			sourceTree = "<group>";
		};
		5A59DB1E15000D7300CE4FC6 /* Frameworks */ = {
			isa = PBXGroup;
			children = (
				E6F0348E150ED5BE00BF0E0F /* libsqlite3.0.dylib */,
				C562FD111500389B00ADA1C8 /* CoreLocation.framework */,
				C562FD0F1500388F00ADA1C8 /* MapKit.framework */,
				5A59DB1F15000D7300CE4FC6 /* UIKit.framework */,
				5A59DB2115000D7300CE4FC6 /* Foundation.framework */,
				5A59DB2315000D7300CE4FC6 /* CoreGraphics.framework */,
			);
			name = Frameworks;
			sourceTree = "<group>";
		};
		5A59DB2515000D7300CE4FC6 /* GrizSpace */ = {
			isa = PBXGroup;
			children = (
				E637A2AA1515132E001E0E2D /* GPSModel.h */,
				E637A2AB1515132E001E0E2D /* GPSModel.m */,
				E637A2A31515131C001E0E2D /* BuildingModel.h */,
				E637A2A41515131C001E0E2D /* BuildingModel.m */,
				E637A2A51515131C001E0E2D /* DBAccess.h */,
				E637A2A61515131C001E0E2D /* DBAccess.m */,
				5A59DB2E15000D7300CE4FC6 /* AppDelegate.h */,
				5A59DB2F15000D7300CE4FC6 /* AppDelegate.m */,
				D809A686150571CC007236B4 /* MapSpace */,
				C562FD1915003DAB00ADA1C8 /* BuildingPickerViewController.h */,
				C562FD1A15003DAB00ADA1C8 /* BuildingPickerViewController.m */,
				C562FD06150035A700ADA1C8 /* MapViewController.h */,
				C562FD07150035A700ADA1C8 /* MapViewController.m */,
				C562FD1315003B1800ADA1C8 /* CourseListViewController.h */,
				C5915B1F15155A2E00D489CD /* SelectCourseTableViewController.m */,
				C562FD1415003B1800ADA1C8 /* CourseListViewController.m */,
				D860ADD215052C5700EB030A /* GrizSpaceTabBarController.h */,
				D860ADD315052C5700EB030A /* GrizSpaceTabBarController.m */,
				C562FD1615003C3300ADA1C8 /* CourseDetailVewController.h */,
				C562FD1715003C3300ADA1C8 /* CourseDetailVewController.m */,
				5A59DB3115000D7300CE4FC6 /* MainStoryboard.storyboard */,
				C5915B1E15155A2E00D489CD /* SelectCourseTableViewController.h */,
				C517B4C4150451D400F29EB6 /* BoredSettingsTableViewController.h */,
				C517B4C5150451D400F29EB6 /* BoredSettingsTableViewController.m */,
				C562FD1F15003FF700ADA1C8 /* PhotoViewController.h */,
				C562FD2015003FF700ADA1C8 /* PhotoViewController.m */,
				C562FD1C15003F3D00ADA1C8 /* BoredViewController.h */,
				C562FD1D15003F3D00ADA1C8 /* BoredViewController.m */,
				C562FD0C1500373300ADA1C8 /* ClassPickerViewController.h */,
				C562FD0D1500373300ADA1C8 /* ClassPickerViewController.m */,
				C562FD09150036BE00ADA1C8 /* SubjectPickerViewController.h */,
				C562FD0A150036BE00ADA1C8 /* SubjectPickerViewController.m */,
				5A59DB2615000D7300CE4FC6 /* Supporting Files */,
				E637A2B115154F14001E0E2D /* SubjectModel.h */,
				E637A2B215154F14001E0E2D /* SubjectModel.m */,
				E6CCD119151A9B5F0060CAEA /* InterestsModel.h */,
				E6CCD11A151A9B5F0060CAEA /* InterestsModel.m */,
				E6CCD155151ACE720060CAEA /* CourseModel.h */,
				E6CCD156151ACE720060CAEA /* CourseModel.m */,
			);
			path = GrizSpace;
			sourceTree = "<group>";
		};
		5A59DB2615000D7300CE4FC6 /* Supporting Files */ = {
			isa = PBXGroup;
			children = (
				D8160AF7151A7D14009D366E /* bear_2 (1).png */,
				D8FE67A115048EE600D09F31 /* Direction_Arrow.png */,
				5A59DB2715000D7300CE4FC6 /* GrizSpace-Info.plist */,
				5A59DB2815000D7300CE4FC6 /* InfoPlist.strings */,
				5A59DB2B15000D7300CE4FC6 /* main.m */,
				5A59DB2D15000D7300CE4FC6 /* GrizSpace-Prefix.pch */,
				D80AE651150521D4004EA055 /* Location.gpx */,
				D8E53BC71505BC3400D59A52 /* Location2.gpx */,
				D8DCED431506CFB100E111DC /* Location3.gpx */,
			);
			name = "Supporting Files";
			sourceTree = "<group>";
		};
		D809A686150571CC007236B4 /* MapSpace */ = {
			isa = PBXGroup;
			children = (
				D8B123B61513022900F40A42 /* MapAnnotationList.h */,
				D8B123B71513022A00F40A42 /* MapAnnotationList.m */,
				D83ADE0E15031F76003733BE /* MapAnnotation.h */,
				D83ADE0F15031F76003733BE /* MapAnnotation.m */,
				D8DB7B3715169CAC008EF626 /* GrizSpace_Objects */,
			);
			name = MapSpace;
			sourceTree = "<group>";
		};
		D8DB7B3715169CAC008EF626 /* GrizSpace_Objects */ = {
			isa = PBXGroup;
			children = (
				D811D2DE1514183D006416A7 /* AppDataObject.h */,
				D811D2DF1514183D006416A7 /* AppDataObject.m */,
				D811D2DD15141802006416A7 /* AppDelegateProtocol.h */,
				D811D2DA151417C6006416A7 /* GrizSpaceDataObjects.h */,
				D811D2DB151417C6006416A7 /* GrizSpaceDataObjects.m */,
			);
			name = GrizSpace_Objects;
			sourceTree = "<group>";
		};
/* End PBXGroup section */

/* Begin PBXNativeTarget section */
		5A59DB1A15000D7300CE4FC6 /* GrizSpace */ = {
			isa = PBXNativeTarget;
			buildConfigurationList = 5A59DB4415000D7300CE4FC6 /* Build configuration list for PBXNativeTarget "GrizSpace" */;
			buildPhases = (
				5A59DB1715000D7300CE4FC6 /* Sources */,
				5A59DB1815000D7300CE4FC6 /* Frameworks */,
				5A59DB1915000D7300CE4FC6 /* Resources */,
			);
			buildRules = (
			);
			dependencies = (
			);
			name = GrizSpace;
			productName = GrizSpace;
			productReference = 5A59DB1B15000D7300CE4FC6 /* GrizSpace.app */;
			productType = "com.apple.product-type.application";
		};
/* End PBXNativeTarget section */

/* Begin PBXProject section */
		5A59DB1215000D7300CE4FC6 /* Project object */ = {
			isa = PBXProject;
			attributes = {
				LastUpgradeCheck = 0430;
			};
			buildConfigurationList = 5A59DB1515000D7300CE4FC6 /* Build configuration list for PBXProject "GrizSpace" */;
			compatibilityVersion = "Xcode 3.2";
			developmentRegion = English;
			hasScannedForEncodings = 0;
			knownRegions = (
				en,
			);
			mainGroup = 5A59DB1015000D7300CE4FC6;
			productRefGroup = 5A59DB1C15000D7300CE4FC6 /* Products */;
			projectDirPath = "";
			projectRoot = "";
			targets = (
				5A59DB1A15000D7300CE4FC6 /* GrizSpace */,
			);
		};
/* End PBXProject section */

/* Begin PBXResourcesBuildPhase section */
		5A59DB1915000D7300CE4FC6 /* Resources */ = {
			isa = PBXResourcesBuildPhase;
			buildActionMask = 2147483647;
			files = (
				5A59DB2A15000D7300CE4FC6 /* InfoPlist.strings in Resources */,
				5A59DB3315000D7300CE4FC6 /* MainStoryboard.storyboard in Resources */,
				D8FE67A215048EE600D09F31 /* Direction_Arrow.png in Resources */,
				D8E53BC81505BC3400D59A52 /* Location2.gpx in Resources */,
			);
			runOnlyForDeploymentPostprocessing = 0;
		};
/* End PBXResourcesBuildPhase section */

/* Begin PBXSourcesBuildPhase section */
		5A59DB1715000D7300CE4FC6 /* Sources */ = {
			isa = PBXSourcesBuildPhase;
			buildActionMask = 2147483647;
			files = (
				5A59DB2C15000D7300CE4FC6 /* main.m in Sources */,
				5A59DB3015000D7300CE4FC6 /* AppDelegate.m in Sources */,
				C562FD08150035A700ADA1C8 /* MapViewController.m in Sources */,
				C562FD0B150036BE00ADA1C8 /* SubjectPickerViewController.m in Sources */,
				C562FD0E1500373300ADA1C8 /* ClassPickerViewController.m in Sources */,
				C562FD1515003B1900ADA1C8 /* CourseListViewController.m in Sources */,
				C562FD1815003C3300ADA1C8 /* CourseDetailVewController.m in Sources */,
				C562FD1B15003DAB00ADA1C8 /* BuildingPickerViewController.m in Sources */,
				C562FD1E15003F3D00ADA1C8 /* BoredViewController.m in Sources */,
				C562FD2115003FF800ADA1C8 /* PhotoViewController.m in Sources */,
				D83ADE1015031F76003733BE /* MapAnnotation.m in Sources */,
				D860ADD415052C5700EB030A /* GrizSpaceTabBarController.m in Sources */,
				D8B123B81513022A00F40A42 /* MapAnnotationList.m in Sources */,
				D811D2DC151417C6006416A7 /* GrizSpaceDataObjects.m in Sources */,
				D811D2E01514183D006416A7 /* AppDataObject.m in Sources */,
				E637A2A71515131C001E0E2D /* BuildingModel.m in Sources */,
				E637A2A81515131C001E0E2D /* DBAccess.m in Sources */,
				E637A2AC1515132E001E0E2D /* GPSModel.m in Sources */,
				E637A2B315154F14001E0E2D /* SubjectModel.m in Sources */,
				C5915B2015155A2E00D489CD /* SelectCourseTableViewController.m in Sources */,
				E6CCD11B151A9B5F0060CAEA /* InterestsModel.m in Sources */,
				E6CCD157151ACE720060CAEA /* CourseModel.m in Sources */,
			);
			runOnlyForDeploymentPostprocessing = 0;
		};
/* End PBXSourcesBuildPhase section */

/* Begin PBXVariantGroup section */
		5A59DB2815000D7300CE4FC6 /* InfoPlist.strings */ = {
			isa = PBXVariantGroup;
			children = (
				5A59DB2915000D7300CE4FC6 /* en */,
			);
			name = InfoPlist.strings;
			sourceTree = "<group>";
		};
		5A59DB3115000D7300CE4FC6 /* MainStoryboard.storyboard */ = {
			isa = PBXVariantGroup;
			children = (
				5A59DB3215000D7300CE4FC6 /* en */,
			);
			name = MainStoryboard.storyboard;
			sourceTree = "<group>";
		};
/* End PBXVariantGroup section */

/* Begin XCBuildConfiguration section */
		5A59DB4215000D7300CE4FC6 /* Debug */ = {
			isa = XCBuildConfiguration;
			buildSettings = {
				ALWAYS_SEARCH_USER_PATHS = NO;
				ARCHS = "$(ARCHS_STANDARD_32_BIT)";
				CLANG_ENABLE_OBJC_ARC = YES;
				"CODE_SIGN_IDENTITY[sdk=iphoneos*]" = "iPhone Developer";
				COPY_PHASE_STRIP = NO;
				GCC_C_LANGUAGE_STANDARD = gnu99;
				GCC_DYNAMIC_NO_PIC = NO;
				GCC_OPTIMIZATION_LEVEL = 0;
				GCC_PREPROCESSOR_DEFINITIONS = (
					"DEBUG=1",
					"$(inherited)",
				);
				GCC_SYMBOLS_PRIVATE_EXTERN = NO;
				GCC_VERSION = com.apple.compilers.llvm.clang.1_0;
				GCC_WARN_ABOUT_RETURN_TYPE = YES;
				GCC_WARN_UNINITIALIZED_AUTOS = YES;
				GCC_WARN_UNUSED_VARIABLE = YES;
				IPHONEOS_DEPLOYMENT_TARGET = 5.0;
				SDKROOT = iphoneos;
			};
			name = Debug;
		};
		5A59DB4315000D7300CE4FC6 /* Release */ = {
			isa = XCBuildConfiguration;
			buildSettings = {
				ALWAYS_SEARCH_USER_PATHS = NO;
				ARCHS = "$(ARCHS_STANDARD_32_BIT)";
				CLANG_ENABLE_OBJC_ARC = YES;
				"CODE_SIGN_IDENTITY[sdk=iphoneos*]" = "iPhone Developer";
				COPY_PHASE_STRIP = YES;
				GCC_C_LANGUAGE_STANDARD = gnu99;
				GCC_VERSION = com.apple.compilers.llvm.clang.1_0;
				GCC_WARN_ABOUT_RETURN_TYPE = YES;
				GCC_WARN_UNINITIALIZED_AUTOS = YES;
				GCC_WARN_UNUSED_VARIABLE = YES;
				IPHONEOS_DEPLOYMENT_TARGET = 5.0;
				OTHER_CFLAGS = "-DNS_BLOCK_ASSERTIONS=1";
				SDKROOT = iphoneos;
				VALIDATE_PRODUCT = YES;
			};
			name = Release;
		};
		5A59DB4515000D7300CE4FC6 /* Debug */ = {
			isa = XCBuildConfiguration;
			buildSettings = {
				GCC_PRECOMPILE_PREFIX_HEADER = YES;
				GCC_PREFIX_HEADER = "GrizSpace/GrizSpace-Prefix.pch";
				INFOPLIST_FILE = "GrizSpace/GrizSpace-Info.plist";
				IPHONEOS_DEPLOYMENT_TARGET = 5.0;
				PRODUCT_NAME = "$(TARGET_NAME)";
				TARGETED_DEVICE_FAMILY = 1;
				WRAPPER_EXTENSION = app;
			};
			name = Debug;
		};
		5A59DB4615000D7300CE4FC6 /* Release */ = {
			isa = XCBuildConfiguration;
			buildSettings = {
				GCC_PRECOMPILE_PREFIX_HEADER = YES;
				GCC_PREFIX_HEADER = "GrizSpace/GrizSpace-Prefix.pch";
				INFOPLIST_FILE = "GrizSpace/GrizSpace-Info.plist";
				IPHONEOS_DEPLOYMENT_TARGET = 5.0;
				PRODUCT_NAME = "$(TARGET_NAME)";
				TARGETED_DEVICE_FAMILY = 1;
				WRAPPER_EXTENSION = app;
			};
			name = Release;
		};
/* End XCBuildConfiguration section */

/* Begin XCConfigurationList section */
		5A59DB1515000D7300CE4FC6 /* Build configuration list for PBXProject "GrizSpace" */ = {
			isa = XCConfigurationList;
			buildConfigurations = (
				5A59DB4215000D7300CE4FC6 /* Debug */,
				5A59DB4315000D7300CE4FC6 /* Release */,
			);
			defaultConfigurationIsVisible = 0;
			defaultConfigurationName = Debug;
		};
		5A59DB4415000D7300CE4FC6 /* Build configuration list for PBXNativeTarget "GrizSpace" */ = {
			isa = XCConfigurationList;
			buildConfigurations = (
				5A59DB4515000D7300CE4FC6 /* Debug */,
				5A59DB4615000D7300CE4FC6 /* Release */,
			);
			defaultConfigurationIsVisible = 0;
			defaultConfigurationName = Debug;
		};
/* End XCConfigurationList section */
	};
	rootObject = 5A59DB1215000D7300CE4FC6 /* Project object */;
}
